{
  "name": "classinfoassistant",
  "version": "1.0.0",
  "lockfileVersion": 2,
  "requires": true,
  "packages": {
    "": {
      "name": "classinfoassistant",
      "version": "1.0.0",
      "license": "ISC",
      "dependencies": {
        "@vant/weapp": "^1.10.4",
        "lin-ui": "^0.9.12",
        "regenerator-runtime": "^0.13.9"
      }
    },
    "node_modules/@vant/weapp": {
      "version": "1.10.4",
      "resolved": "https://registry.npmjs.org/@vant/weapp/-/weapp-1.10.4.tgz",
      "integrity": "sha512-S0T6myy4Ve4ZClRujJKP1Eu5hP5GFkVeQH587uakhacrQ+9Fp23gfnmo+dKMf7FbjTRqQu+ehxcr0Ba75iV8HA=="
    },
    "node_modules/lin-ui": {
      "version": "0.9.12",
      "resolved": "https://registry.npmjs.org/lin-ui/-/lin-ui-0.9.12.tgz",
      "integrity": "sha512-3eXi4VgkxUbjCra8afVndi+bBi4CUrqhvGKt1p56W2zoZbk0c1ZQogX5mGjMpYrD1P2vPWx1Kw1nGipWog/lug=="
    },
    "node_modules/regenerator-runtime": {
      "version": "0.13.9",
      "resolved": "https://registry.npmjs.org/regenerator-runtime/-/regenerator-runtime-0.13.9.tgz",
      "integrity": "sha512-p3VT+cOEgxFsRRA9X4lkI1E+k2/CtnKtU4gcxyaCUreilL/vqI6CdZ3wxVUx3UOUg+gnUOQQcRI7BmSI656MYA=="
    }
  },
  "dependencies": {
    "@vant/weapp": {
      "version": "1.10.4",
      "resolved": "https://registry.npmjs.org/@vant/weapp/-/weapp-1.10.4.tgz",
      "integrity": "sha512-S0T6myy4Ve4ZClRujJKP1Eu5hP5GFkVeQH587uakhacrQ+9Fp23gfnmo+dKMf7FbjTRqQu+ehxcr0Ba75iV8HA=="
    },
    "lin-ui": {
      "version": "0.9.12",
      "resolved": "https://registry.npmjs.org/lin-ui/-/lin-ui-0.9.12.tgz",
      "integrity": "sha512-3eXi4VgkxUbjCra8afVndi+bBi4CUrqhvGKt1p56W2zoZbk0c1ZQogX5mGjMpYrD1P2vPWx1Kw1nGipWog/lug=="
    },
    "regenerator-runtime": {
      "version": "0.13.9",
      "resolved": "https://registry.npmjs.org/regenerator-runtime/-/regenerator-runtime-0.13.9.tgz",
      "integrity": "sha512-p3VT+cOEgxFsRRA9X4lkI1E+k2/CtnKtU4gcxyaCUreilL/vqI6CdZ3wxVUx3UOUg+gnUOQQcRI7BmSI656MYA=="
    }
  }
}
